// !$*UTF8*$!
{
	archiveVersion = 1;
	classes = {
	};
	objectVersion = 55;
	objects = {

/* Begin PBXBuildFile section */
		D42EF5A7291475F8003285EE /* ProtocolApp.swift in Sources */ = {isa = PBXBuildFile; fileRef = D42EF5A6291475F8003285EE /* ProtocolApp.swift */; };
		D42EF5A9291475F8003285EE /* ContentView.swift in Sources */ = {isa = PBXBuildFile; fileRef = D42EF5A8291475F8003285EE /* ContentView.swift */; };
		D42EF5AB291475FB003285EE /* Assets.xcassets in Resources */ = {isa = PBXBuildFile; fileRef = D42EF5AA291475FB003285EE /* Assets.xcassets */; };
		D42EF5AE291475FB003285EE /* Preview Assets.xcassets in Resources */ = {isa = PBXBuildFile; fileRef = D42EF5AD291475FB003285EE /* Preview Assets.xcassets */; };
		D42EF5D329157AD4003285EE /* BluetoothConnection.swift in Sources */ = {isa = PBXBuildFile; fileRef = D42EF5D229157AD4003285EE /* BluetoothConnection.swift */; };
		D473CF0929185E140083B686 /* SettingsView.swift in Sources */ = {isa = PBXBuildFile; fileRef = D473CF0829185E140083B686 /* SettingsView.swift */; };
		D473CF0B29185E990083B686 /* SettingsStore.swift in Sources */ = {isa = PBXBuildFile; fileRef = D473CF0A29185E990083B686 /* SettingsStore.swift */; };
		D473CF0D29186F990083B686 /* ConsoleView.swift in Sources */ = {isa = PBXBuildFile; fileRef = D473CF0C29186F990083B686 /* ConsoleView.swift */; };
		D473CF0F291889DB0083B686 /* ConnectionView.swift in Sources */ = {isa = PBXBuildFile; fileRef = D473CF0E291889DB0083B686 /* ConnectionView.swift */; };
		D473CF1329197B390083B686 /* SwiftTermWrapper.swift in Sources */ = {isa = PBXBuildFile; fileRef = D473CF1229197B390083B686 /* SwiftTermWrapper.swift */; };
		D473CF1929197FCB0083B686 /* SwiftTerm in Frameworks */ = {isa = PBXBuildFile; productRef = D473CF1829197FCB0083B686 /* SwiftTerm */; };
/* End PBXBuildFile section */

/* Begin PBXFileReference section */
		D42EF5A3291475F8003285EE /* Protocol.app */ = {isa = PBXFileReference; explicitFileType = wrapper.application; includeInIndex = 0; path = Protocol.app; sourceTree = BUILT_PRODUCTS_DIR; };
		D42EF5A6291475F8003285EE /* ProtocolApp.swift */ = {isa = PBXFileReference; lastKnownFileType = sourcecode.swift; path = ProtocolApp.swift; sourceTree = "<group>"; };
		D42EF5A8291475F8003285EE /* ContentView.swift */ = {isa = PBXFileReference; lastKnownFileType = sourcecode.swift; path = ContentView.swift; sourceTree = "<group>"; };
		D42EF5AA291475FB003285EE /* Assets.xcassets */ = {isa = PBXFileReference; lastKnownFileType = folder.assetcatalog; path = Assets.xcassets; sourceTree = "<group>"; };
		D42EF5AD291475FB003285EE /* Preview Assets.xcassets */ = {isa = PBXFileReference; lastKnownFileType = folder.assetcatalog; path = "Preview Assets.xcassets"; sourceTree = "<group>"; };
		D42EF5AF291475FB003285EE /* Protocol.entitlements */ = {isa = PBXFileReference; lastKnownFileType = text.plist.entitlements; path = Protocol.entitlements; sourceTree = "<group>"; };
		D42EF5D229157AD4003285EE /* BluetoothConnection.swift */ = {isa = PBXFileReference; lastKnownFileType = sourcecode.swift; path = BluetoothConnection.swift; sourceTree = "<group>"; };
		D473CF0829185E140083B686 /* SettingsView.swift */ = {isa = PBXFileReference; lastKnownFileType = sourcecode.swift; path = SettingsView.swift; sourceTree = "<group>"; };
		D473CF0A29185E990083B686 /* SettingsStore.swift */ = {isa = PBXFileReference; lastKnownFileType = sourcecode.swift; path = SettingsStore.swift; sourceTree = "<group>"; };
		D473CF0C29186F990083B686 /* ConsoleView.swift */ = {isa = PBXFileReference; lastKnownFileType = sourcecode.swift; path = ConsoleView.swift; sourceTree = "<group>"; };
		D473CF0E291889DB0083B686 /* ConnectionView.swift */ = {isa = PBXFileReference; lastKnownFileType = sourcecode.swift; path = ConnectionView.swift; sourceTree = "<group>"; };
		D473CF1229197B390083B686 /* SwiftTermWrapper.swift */ = {isa = PBXFileReference; lastKnownFileType = sourcecode.swift; path = SwiftTermWrapper.swift; sourceTree = "<group>"; };
/* End PBXFileReference section */

/* Begin PBXFrameworksBuildPhase section */
		D42EF5A0291475F8003285EE /* Frameworks */ = {
			isa = PBXFrameworksBuildPhase;
			buildActionMask = 2147483647;
			files = (
				D473CF1929197FCB0083B686 /* SwiftTerm in Frameworks */,
			);
			runOnlyForDeploymentPostprocessing = 0;
		};
/* End PBXFrameworksBuildPhase section */

/* Begin PBXGroup section */
		D42EF59A291475F8003285EE = {
			isa = PBXGroup;
			children = (
				D42EF5A5291475F8003285EE /* Protocol */,
				D42EF5A4291475F8003285EE /* Products */,
			);
			sourceTree = "<group>";
		};
		D42EF5A4291475F8003285EE /* Products */ = {
			isa = PBXGroup;
			children = (
				D42EF5A3291475F8003285EE /* Protocol.app */,
			);
			name = Products;
			sourceTree = "<group>";
		};
		D42EF5A5291475F8003285EE /* Protocol */ = {
			isa = PBXGroup;
			children = (
				D473CF0C29186F990083B686 /* ConsoleView.swift */,
				D42EF5AF291475FB003285EE /* Protocol.entitlements */,
				D42EF5D229157AD4003285EE /* BluetoothConnection.swift */,
				D42EF5A8291475F8003285EE /* ContentView.swift */,
				D42EF5A6291475F8003285EE /* ProtocolApp.swift */,
				D473CF0A29185E990083B686 /* SettingsStore.swift */,
				D473CF0829185E140083B686 /* SettingsView.swift */,
				D42EF5AA291475FB003285EE /* Assets.xcassets */,
				D42EF5AC291475FB003285EE /* Preview Content */,
				D473CF0E291889DB0083B686 /* ConnectionView.swift */,
				D473CF1229197B390083B686 /* SwiftTermWrapper.swift */,
			);
			path = Protocol;
			sourceTree = "<group>";
		};
		D42EF5AC291475FB003285EE /* Preview Content */ = {
			isa = PBXGroup;
			children = (
				D42EF5AD291475FB003285EE /* Preview Assets.xcassets */,
			);
			path = "Preview Content";
			sourceTree = "<group>";
		};
/* End PBXGroup section */

/* Begin PBXNativeTarget section */
		D42EF5A2291475F8003285EE /* Protocol */ = {
			isa = PBXNativeTarget;
			buildConfigurationList = D42EF5B2291475FB003285EE /* Build configuration list for PBXNativeTarget "Protocol" */;
			buildPhases = (
				D42EF59F291475F8003285EE /* Sources */,
				D42EF5A0291475F8003285EE /* Frameworks */,
				D42EF5A1291475F8003285EE /* Resources */,
			);
			buildRules = (
			);
			dependencies = (
			);
			name = Protocol;
			packageProductDependencies = (
				D473CF1829197FCB0083B686 /* SwiftTerm */,
			);
			productName = Protocol;
			productReference = D42EF5A3291475F8003285EE /* Protocol.app */;
			productType = "com.apple.product-type.application";
		};
/* End PBXNativeTarget section */

/* Begin PBXProject section */
		D42EF59B291475F8003285EE /* Project object */ = {
			isa = PBXProject;
			attributes = {
				BuildIndependentTargetsInParallel = 1;
				LastSwiftUpdateCheck = 1330;
				LastUpgradeCheck = 1330;
				TargetAttributes = {
					D42EF5A2291475F8003285EE = {
						CreatedOnToolsVersion = 13.3.1;
					};
				};
			};
			buildConfigurationList = D42EF59E291475F8003285EE /* Build configuration list for PBXProject "Protocol" */;
			compatibilityVersion = "Xcode 13.0";
			developmentRegion = en;
			hasScannedForEncodings = 0;
			knownRegions = (
				en,
				Base,
			);
			mainGroup = D42EF59A291475F8003285EE;
			packageReferences = (
				D473CF1729197FCB0083B686 /* XCRemoteSwiftPackageReference "SwiftTerm" */,
			);
			productRefGroup = D42EF5A4291475F8003285EE /* Products */;
			projectDirPath = "";
			projectRoot = "";
			targets = (
				D42EF5A2291475F8003285EE /* Protocol */,
			);
		};
/* End PBXProject section */

/* Begin PBXResourcesBuildPhase section */
		D42EF5A1291475F8003285EE /* Resources */ = {
			isa = PBXResourcesBuildPhase;
			buildActionMask = 2147483647;
			files = (
				D42EF5AE291475FB003285EE /* Preview Assets.xcassets in Resources */,
				D42EF5AB291475FB003285EE /* Assets.xcassets in Resources */,
			);
			runOnlyForDeploymentPostprocessing = 0;
		};
/* End PBXResourcesBuildPhase section */

/* Begin PBXSourcesBuildPhase section */
		D42EF59F291475F8003285EE /* Sources */ = {
			isa = PBXSourcesBuildPhase;
			buildActionMask = 2147483647;
			files = (
				D42EF5A9291475F8003285EE /* ContentView.swift in Sources */,
				D473CF0929185E140083B686 /* SettingsView.swift in Sources */,
				D42EF5D329157AD4003285EE /* BluetoothConnection.swift in Sources */,
				D473CF0F291889DB0083B686 /* ConnectionView.swift in Sources */,
				D473CF0B29185E990083B686 /* SettingsStore.swift in Sources */,
				D473CF0D29186F990083B686 /* ConsoleView.swift in Sources */,
				D42EF5A7291475F8003285EE /* ProtocolApp.swift in Sources */,
				D473CF1329197B390083B686 /* SwiftTermWrapper.swift in Sources */,
			);
			runOnlyForDeploymentPostprocessing = 0;
		};
/* End PBXSourcesBuildPhase section */

/* Begin XCBuildConfiguration section */
		D42EF5B0291475FB003285EE /* Debug */ = {
			isa = XCBuildConfiguration;
			buildSettings = {
				ALWAYS_SEARCH_USER_PATHS = NO;
				CLANG_ANALYZER_NONNULL = YES;
				CLANG_ANALYZER_NUMBER_OBJECT_CONVERSION = YES_AGGRESSIVE;
				CLANG_CXX_LANGUAGE_STANDARD = "gnu++17";
				CLANG_ENABLE_MODULES = YES;
				CLANG_ENABLE_OBJC_ARC = YES;
				CLANG_ENABLE_OBJC_WEAK = YES;
				CLANG_WARN_BLOCK_CAPTURE_AUTORELEASING = YES;
				CLANG_WARN_BOOL_CONVERSION = YES;
				CLANG_WARN_COMMA = YES;
				CLANG_WARN_CONSTANT_CONVERSION = YES;
				CLANG_WARN_DEPRECATED_OBJC_IMPLEMENTATIONS = YES;
				CLANG_WARN_DIRECT_OBJC_ISA_USAGE = YES_ERROR;
				CLANG_WARN_DOCUMENTATION_COMMENTS = YES;
				CLANG_WARN_EMPTY_BODY = YES;
				CLANG_WARN_ENUM_CONVERSION = YES;
				CLANG_WARN_INFINITE_RECURSION = YES;
				CLANG_WARN_INT_CONVERSION = YES;
				CLANG_WARN_NON_LITERAL_NULL_CONVERSION = YES;
				CLANG_WARN_OBJC_IMPLICIT_RETAIN_SELF = YES;
				CLANG_WARN_OBJC_LITERAL_CONVERSION = YES;
				CLANG_WARN_OBJC_ROOT_CLASS = YES_ERROR;
				CLANG_WARN_QUOTED_INCLUDE_IN_FRAMEWORK_HEADER = YES;
				CLANG_WARN_RANGE_LOOP_ANALYSIS = YES;
				CLANG_WARN_STRICT_PROTOTYPES = YES;
				CLANG_WARN_SUSPICIOUS_MOVE = YES;
				CLANG_WARN_UNGUARDED_AVAILABILITY = YES_AGGRESSIVE;
				CLANG_WARN_UNREACHABLE_CODE = YES;
				CLANG_WARN__DUPLICATE_METHOD_MATCH = YES;
				COPY_PHASE_STRIP = NO;
				DEBUG_INFORMATION_FORMAT = dwarf;
				ENABLE_STRICT_OBJC_MSGSEND = YES;
				ENABLE_TESTABILITY = YES;
				GCC_C_LANGUAGE_STANDARD = gnu11;
				GCC_DYNAMIC_NO_PIC = NO;
				GCC_NO_COMMON_BLOCKS = YES;
				GCC_OPTIMIZATION_LEVEL = 0;
				GCC_PREPROCESSOR_DEFINITIONS = (
					"DEBUG=1",
					"$(inherited)",
				);
				GCC_WARN_64_TO_32_BIT_CONVERSION = YES;
				GCC_WARN_ABOUT_RETURN_TYPE = YES_ERROR;
				GCC_WARN_UNDECLARED_SELECTOR = YES;
				GCC_WARN_UNINITIALIZED_AUTOS = YES_AGGRESSIVE;
				GCC_WARN_UNUSED_FUNCTION = YES;
				GCC_WARN_UNUSED_VARIABLE = YES;
				MACOSX_DEPLOYMENT_TARGET = 12.3;
				MTL_ENABLE_DEBUG_INFO = INCLUDE_SOURCE;
				MTL_FAST_MATH = YES;
				ONLY_ACTIVE_ARCH = YES;
				SDKROOT = macosx;
				SWIFT_ACTIVE_COMPILATION_CONDITIONS = DEBUG;
				SWIFT_OPTIMIZATION_LEVEL = "-Onone";
			};
			name = Debug;
		};
		D42EF5B1291475FB003285EE /* Release */ = {
			isa = XCBuildConfiguration;
			buildSettings = {
				ALWAYS_SEARCH_USER_PATHS = NO;
				CLANG_ANALYZER_NONNULL = YES;
				CLANG_ANALYZER_NUMBER_OBJECT_CONVERSION = YES_AGGRESSIVE;
				CLANG_CXX_LANGUAGE_STANDARD = "gnu++17";
				CLANG_ENABLE_MODULES = YES;
				CLANG_ENABLE_OBJC_ARC = YES;
				CLANG_ENABLE_OBJC_WEAK = YES;
				CLANG_WARN_BLOCK_CAPTURE_AUTORELEASING = YES;
				CLANG_WARN_BOOL_CONVERSION = YES;
				CLANG_WARN_COMMA = YES;
				CLANG_WARN_CONSTANT_CONVERSION = YES;
				CLANG_WARN_DEPRECATED_OBJC_IMPLEMENTATIONS = YES;
				CLANG_WARN_DIRECT_OBJC_ISA_USAGE = YES_ERROR;
				CLANG_WARN_DOCUMENTATION_COMMENTS = YES;
				CLANG_WARN_EMPTY_BODY = YES;
				CLANG_WARN_ENUM_CONVERSION = YES;
				CLANG_WARN_INFINITE_RECURSION = YES;
				CLANG_WARN_INT_CONVERSION = YES;
				CLANG_WARN_NON_LITERAL_NULL_CONVERSION = YES;
				CLANG_WARN_OBJC_IMPLICIT_RETAIN_SELF = YES;
				CLANG_WARN_OBJC_LITERAL_CONVERSION = YES;
				CLANG_WARN_OBJC_ROOT_CLASS = YES_ERROR;
				CLANG_WARN_QUOTED_INCLUDE_IN_FRAMEWORK_HEADER = YES;
				CLANG_WARN_RANGE_LOOP_ANALYSIS = YES;
				CLANG_WARN_STRICT_PROTOTYPES = YES;
				CLANG_WARN_SUSPICIOUS_MOVE = YES;
				CLANG_WARN_UNGUARDED_AVAILABILITY = YES_AGGRESSIVE;
				CLANG_WARN_UNREACHABLE_CODE = YES;
				CLANG_WARN__DUPLICATE_METHOD_MATCH = YES;
				COPY_PHASE_STRIP = NO;
				DEBUG_INFORMATION_FORMAT = "dwarf-with-dsym";
				ENABLE_NS_ASSERTIONS = NO;
				ENABLE_STRICT_OBJC_MSGSEND = YES;
				GCC_C_LANGUAGE_STANDARD = gnu11;
				GCC_NO_COMMON_BLOCKS = YES;
				GCC_WARN_64_TO_32_BIT_CONVERSION = YES;
				GCC_WARN_ABOUT_RETURN_TYPE = YES_ERROR;
				GCC_WARN_UNDECLARED_SELECTOR = YES;
				GCC_WARN_UNINITIALIZED_AUTOS = YES_AGGRESSIVE;
				GCC_WARN_UNUSED_FUNCTION = YES;
				GCC_WARN_UNUSED_VARIABLE = YES;
				MACOSX_DEPLOYMENT_TARGET = 12.3;
				MTL_ENABLE_DEBUG_INFO = NO;
				MTL_FAST_MATH = YES;
				SDKROOT = macosx;
				SWIFT_COMPILATION_MODE = wholemodule;
				SWIFT_OPTIMIZATION_LEVEL = "-O";
			};
			name = Release;
		};
		D42EF5B3291475FB003285EE /* Debug */ = {
			isa = XCBuildConfiguration;
			buildSettings = {
				ASSETCATALOG_COMPILER_APPICON_NAME = AppIcon;
				ASSETCATALOG_COMPILER_GLOBAL_ACCENT_COLOR_NAME = AccentColor;
				CODE_SIGN_ENTITLEMENTS = Protocol/Protocol.entitlements;
				CODE_SIGN_STYLE = Automatic;
				COMBINE_HIDPI_IMAGES = YES;
				CURRENT_PROJECT_VERSION = 1;
				DEVELOPMENT_ASSET_PATHS = "\"Protocol/Preview Content\"";
				ENABLE_PREVIEWS = YES;
				GENERATE_INFOPLIST_FILE = YES;
				INFOPLIST_KEY_NSBluetoothAlwaysUsageDescription = "";
				INFOPLIST_KEY_NSHumanReadableCopyright = "";
				LD_RUNPATH_SEARCH_PATHS = (
					"$(inherited)",
					"@executable_path/../Frameworks",
				);
				MARKETING_VERSION = 1.0;
				PRODUCT_BUNDLE_IDENTIFIER = robcodev.Protocol;
				PRODUCT_NAME = "$(TARGET_NAME)";
				SWIFT_EMIT_LOC_STRINGS = YES;
				SWIFT_VERSION = 5.0;
			};
			name = Debug;
		};
		D42EF5B4291475FB003285EE /* Release */ = {
			isa = XCBuildConfiguration;
			buildSettings = {
				ASSETCATALOG_COMPILER_APPICON_NAME = AppIcon;
				ASSETCATALOG_COMPILER_GLOBAL_ACCENT_COLOR_NAME = AccentColor;
				CODE_SIGN_ENTITLEMENTS = Protocol/Protocol.entitlements;
				CODE_SIGN_STYLE = Automatic;
				COMBINE_HIDPI_IMAGES = YES;
				CURRENT_PROJECT_VERSION = 1;
				DEVELOPMENT_ASSET_PATHS = "\"Protocol/Preview Content\"";
				ENABLE_PREVIEWS = YES;
				GENERATE_INFOPLIST_FILE = YES;
				INFOPLIST_KEY_NSBluetoothAlwaysUsageDescription = "";
				INFOPLIST_KEY_NSHumanReadableCopyright = "";
				LD_RUNPATH_SEARCH_PATHS = (
					"$(inherited)",
					"@executable_path/../Frameworks",
				);
				MARKETING_VERSION = 1.0;
				PRODUCT_BUNDLE_IDENTIFIER = robcodev.Protocol;
				PRODUCT_NAME = "$(TARGET_NAME)";
				SWIFT_EMIT_LOC_STRINGS = YES;
				SWIFT_VERSION = 5.0;
			};
			name = Release;
		};
/* End XCBuildConfiguration section */

/* Begin XCConfigurationList section */
		D42EF59E291475F8003285EE /* Build configuration list for PBXProject "Protocol" */ = {
			isa = XCConfigurationList;
			buildConfigurations = (
				D42EF5B0291475FB003285EE /* Debug */,
				D42EF5B1291475FB003285EE /* Release */,
			);
			defaultConfigurationIsVisible = 0;
			defaultConfigurationName = Release;
		};
		D42EF5B2291475FB003285EE /* Build configuration list for PBXNativeTarget "Protocol" */ = {
			isa = XCConfigurationList;
			buildConfigurations = (
				D42EF5B3291475FB003285EE /* Debug */,
				D42EF5B4291475FB003285EE /* Release */,
			);
			defaultConfigurationIsVisible = 0;
			defaultConfigurationName = Release;
		};
/* End XCConfigurationList section */

/* Begin XCRemoteSwiftPackageReference section */
		D473CF1729197FCB0083B686 /* XCRemoteSwiftPackageReference "SwiftTerm" */ = {
			isa = XCRemoteSwiftPackageReference;
			repositoryURL = "https://github.com/migueldeicaza/SwiftTerm";
			requirement = {
				kind = upToNextMajorVersion;
				minimumVersion = 1.0.0;
			};
		};
/* End XCRemoteSwiftPackageReference section */

/* Begin XCSwiftPackageProductDependency section */
		D473CF1829197FCB0083B686 /* SwiftTerm */ = {
			isa = XCSwiftPackageProductDependency;
			package = D473CF1729197FCB0083B686 /* XCRemoteSwiftPackageReference "SwiftTerm" */;
			productName = SwiftTerm;
		};
/* End XCSwiftPackageProductDependency section */
	};
	rootObject = D42EF59B291475F8003285EE /* Project object */;
}
